
Microsoft Visual Studio Solution File, Format Version 12.00
# Visual Studio Version 16
VisualStudioVersion = 16.0.31702.278
MinimumVisualStudioVersion = 10.0.40219.1
Project("{FAE04EC0-301F-11D3-BF4B-00C04F79EFBC}") = "SimpleFamilyBudgetApp v 1.0.0", "SimpleFamilyBudgetApp v 1.0.0\SimpleFamilyBudgetApp v 1.0.0.csproj", "{52997D2D-2F62-4FE5-AE39-FFABAFCFC77A}"
EndProject
Global
	GlobalSection(SolutionConfigurationPlatforms) = preSolution
		Debug|Any CPU = Debug|Any CPU
		Release|Any CPU = Release|Any CPU
	EndGlobalSection
	GlobalSection(ProjectConfigurationPlatforms) = postSolution
		{52997D2D-2F62-4FE5-AE39-FFABAFCFC77A}.Debug|Any CPU.ActiveCfg = Debug|Any CPU
		{52997D2D-2F62-4FE5-AE39-FFABAFCFC77A}.Debug|Any CPU.Build.0 = Debug|Any CPU
		{52997D2D-2F62-4FE5-AE39-FFABAFCFC77A}.Release|Any CPU.ActiveCfg = Release|Any CPU
		{52997D2D-2F62-4FE5-AE39-FFABAFCFC77A}.Release|Any CPU.Build.0 = Release|Any CPU
	EndGlobalSection
	GlobalSection(SolutionProperties) = preSolution
		HideSolutionNode = FALSE
	EndGlobalSection
	GlobalSection(ExtensibilityGlobals) = postSolution
		SolutionGuid = {FD1E63E4-C80E-40A9-8904-44208A343C3A}
	EndGlobalSection
EndGlobal
